// !$*UTF8*$!
{
	archiveVersion = 1;
	classes = {
	};
	objectVersion = 46;
	objects = {

/* Begin PBXBuildFile section */
		88178B8D1F3BD984009699BE /* JesusFeliz.png in Resources */ = {isa = PBXBuildFile; fileRef = 88178B8A1F3BD984009699BE /* JesusFeliz.png */; };
		88279A451E8323C20032A216 /* DifficultyViewController.swift in Sources */ = {isa = PBXBuildFile; fileRef = 88279A441E8323C10032A216 /* DifficultyViewController.swift */; };
		8834B0261F08CD3000D7D413 /* ShuffleFunction.swift in Sources */ = {isa = PBXBuildFile; fileRef = 8834B0251F08CD3000D7D413 /* ShuffleFunction.swift */; };
		883B62E71E81AA9500B36BDF /* nuvens e espaço.jpg in Resources */ = {isa = PBXBuildFile; fileRef = 883B62E61E81AA9400B36BDF /* nuvens e espaço.jpg */; };
		883EFDE51E7CAAE2005C542D /* InicialViewController.swift in Sources */ = {isa = PBXBuildFile; fileRef = 883EFDE41E7CAAE2005C542D /* InicialViewController.swift */; };
		883EFDEB1E7D772E005C542D /* EasyDifficultViewController.swift in Sources */ = {isa = PBXBuildFile; fileRef = 883EFDEA1E7D772D005C542D /* EasyDifficultViewController.swift */; };
		883EFDED1E7D774B005C542D /* NormalDifficultViewController.swift in Sources */ = {isa = PBXBuildFile; fileRef = 883EFDEC1E7D774B005C542D /* NormalDifficultViewController.swift */; };
		883EFDEF1E7D7784005C542D /* HardDifficultViewController.swift in Sources */ = {isa = PBXBuildFile; fileRef = 883EFDEE1E7D7784005C542D /* HardDifficultViewController.swift */; };
		8848F9181F574131003A4A70 /* LOGOBIBLICANDO.png in Resources */ = {isa = PBXBuildFile; fileRef = 8848F9171F574131003A4A70 /* LOGOBIBLICANDO.png */; };
		8848F91A1F57420A003A4A70 /* nuvens fofa.jpg in Resources */ = {isa = PBXBuildFile; fileRef = 8848F9191F57420A003A4A70 /* nuvens fofa.jpg */; };
		8848F91D1F574213003A4A70 /* céu2.jpg in Resources */ = {isa = PBXBuildFile; fileRef = 8848F91B1F574213003A4A70 /* céu2.jpg */; };
		8848F91E1F574213003A4A70 /* nuvens e espaço.jpg in Resources */ = {isa = PBXBuildFile; fileRef = 8848F91C1F574213003A4A70 /* nuvens e espaço.jpg */; };
		8848F9201F5746DE003A4A70 /* JesusTriste.png in Resources */ = {isa = PBXBuildFile; fileRef = 8848F91F1F5746DE003A4A70 /* JesusTriste.png */; };
		88EF1BAB1E71E86200F74171 /* AppDelegate.swift in Sources */ = {isa = PBXBuildFile; fileRef = 88EF1BAA1E71E86200F74171 /* AppDelegate.swift */; };
		88EF1BB01E71E86200F74171 /* Main.storyboard in Resources */ = {isa = PBXBuildFile; fileRef = 88EF1BAE1E71E86200F74171 /* Main.storyboard */; };
		88EF1BB21E71E86200F74171 /* Assets.xcassets in Resources */ = {isa = PBXBuildFile; fileRef = 88EF1BB11E71E86200F74171 /* Assets.xcassets */; };
		88EF1BB51E71E86200F74171 /* LaunchScreen.storyboard in Resources */ = {isa = PBXBuildFile; fileRef = 88EF1BB31E71E86200F74171 /* LaunchScreen.storyboard */; };
		88EF1BC01E71E86300F74171 /* PerguntasERespostasTests.swift in Sources */ = {isa = PBXBuildFile; fileRef = 88EF1BBF1E71E86300F74171 /* PerguntasERespostasTests.swift */; };
		88EF1BCB1E71E86300F74171 /* PerguntasERespostasUITests.swift in Sources */ = {isa = PBXBuildFile; fileRef = 88EF1BCA1E71E86300F74171 /* PerguntasERespostasUITests.swift */; };
		88EF1BDB1E71EF0E00F74171 /* modeloQuiz.swift in Sources */ = {isa = PBXBuildFile; fileRef = 88EF1BDA1E71EF0E00F74171 /* modeloQuiz.swift */; };
		88F495601F1C5C8200383B07 /* Info.plist in Resources */ = {isa = PBXBuildFile; fileRef = 88EF1BB61E71E86200F74171 /* Info.plist */; };
/* End PBXBuildFile section */

/* Begin PBXContainerItemProxy section */
		88EF1BBC1E71E86300F74171 /* PBXContainerItemProxy */ = {
			isa = PBXContainerItemProxy;
			containerPortal = 88EF1B9F1E71E85E00F74171 /* Project object */;
			proxyType = 1;
			remoteGlobalIDString = 88EF1BA61E71E85E00F74171;
			remoteInfo = PerguntasERespostas;
		};
		88EF1BC71E71E86300F74171 /* PBXContainerItemProxy */ = {
			isa = PBXContainerItemProxy;
			containerPortal = 88EF1B9F1E71E85E00F74171 /* Project object */;
			proxyType = 1;
			remoteGlobalIDString = 88EF1BA61E71E85E00F74171;
			remoteInfo = PerguntasERespostas;
		};
/* End PBXContainerItemProxy section */

/* Begin PBXFileReference section */
		88178B8A1F3BD984009699BE /* JesusFeliz.png */ = {isa = PBXFileReference; lastKnownFileType = image.png; name = JesusFeliz.png; path = ../../JesusFeliz.png; sourceTree = "<group>"; };
		88279A441E8323C10032A216 /* DifficultyViewController.swift */ = {isa = PBXFileReference; fileEncoding = 4; lastKnownFileType = sourcecode.swift; path = DifficultyViewController.swift; sourceTree = "<group>"; };
		8834B0251F08CD3000D7D413 /* ShuffleFunction.swift */ = {isa = PBXFileReference; fileEncoding = 4; lastKnownFileType = sourcecode.swift; path = ShuffleFunction.swift; sourceTree = "<group>"; };
		883B62E61E81AA9400B36BDF /* nuvens e espaço.jpg */ = {isa = PBXFileReference; lastKnownFileType = image.jpeg; name = "nuvens e espaço.jpg"; path = "../../../../Aplicativos/Backgrounds/nuvens e espaço.jpg"; sourceTree = "<group>"; };
		883EFDE41E7CAAE2005C542D /* InicialViewController.swift */ = {isa = PBXFileReference; fileEncoding = 4; lastKnownFileType = sourcecode.swift; path = InicialViewController.swift; sourceTree = "<group>"; };
		883EFDEA1E7D772D005C542D /* EasyDifficultViewController.swift */ = {isa = PBXFileReference; fileEncoding = 4; lastKnownFileType = sourcecode.swift; path = EasyDifficultViewController.swift; sourceTree = "<group>"; };
		883EFDEC1E7D774B005C542D /* NormalDifficultViewController.swift */ = {isa = PBXFileReference; fileEncoding = 4; lastKnownFileType = sourcecode.swift; path = NormalDifficultViewController.swift; sourceTree = "<group>"; };
		883EFDEE1E7D7784005C542D /* HardDifficultViewController.swift */ = {isa = PBXFileReference; fileEncoding = 4; lastKnownFileType = sourcecode.swift; path = HardDifficultViewController.swift; sourceTree = "<group>"; };
		8848F9171F574131003A4A70 /* LOGOBIBLICANDO.png */ = {isa = PBXFileReference; lastKnownFileType = image.png; name = LOGOBIBLICANDO.png; path = ../../LOGOBIBLICANDO.png; sourceTree = "<group>"; };
		8848F9191F57420A003A4A70 /* nuvens fofa.jpg */ = {isa = PBXFileReference; lastKnownFileType = image.jpeg; name = "nuvens fofa.jpg"; path = "../../../../Ícones/nuvens fofa.jpg"; sourceTree = "<group>"; };
		8848F91B1F574213003A4A70 /* céu2.jpg */ = {isa = PBXFileReference; lastKnownFileType = image.jpeg; name = "céu2.jpg"; path = "../../../Backgrounds/céu2.jpg"; sourceTree = "<group>"; };
		8848F91C1F574213003A4A70 /* nuvens e espaço.jpg */ = {isa = PBXFileReference; lastKnownFileType = image.jpeg; name = "nuvens e espaço.jpg"; path = "../../../Backgrounds/nuvens e espaço.jpg"; sourceTree = "<group>"; };
		8848F91F1F5746DE003A4A70 /* JesusTriste.png */ = {isa = PBXFileReference; lastKnownFileType = image.png; name = JesusTriste.png; path = ../../JesusTriste.png; sourceTree = "<group>"; };
		88EF1BA71E71E86200F74171 /* Biblicando.app */ = {isa = PBXFileReference; explicitFileType = wrapper.application; includeInIndex = 0; path = Biblicando.app; sourceTree = BUILT_PRODUCTS_DIR; };
		88EF1BAA1E71E86200F74171 /* AppDelegate.swift */ = {isa = PBXFileReference; lastKnownFileType = sourcecode.swift; path = AppDelegate.swift; sourceTree = "<group>"; };
		88EF1BAF1E71E86200F74171 /* Base */ = {isa = PBXFileReference; lastKnownFileType = file.storyboard; name = Base; path = Base.lproj/Main.storyboard; sourceTree = "<group>"; };
		88EF1BB11E71E86200F74171 /* Assets.xcassets */ = {isa = PBXFileReference; lastKnownFileType = folder.assetcatalog; path = Assets.xcassets; sourceTree = "<group>"; };
		88EF1BB41E71E86200F74171 /* Base */ = {isa = PBXFileReference; lastKnownFileType = file.storyboard; name = Base; path = Base.lproj/LaunchScreen.storyboard; sourceTree = "<group>"; };
		88EF1BB61E71E86200F74171 /* Info.plist */ = {isa = PBXFileReference; fileEncoding = 4; lastKnownFileType = text.plist.xml; path = Info.plist; sourceTree = "<group>"; };
		88EF1BBB1E71E86300F74171 /* BiblicandoTests.xctest */ = {isa = PBXFileReference; explicitFileType = wrapper.cfbundle; includeInIndex = 0; path = BiblicandoTests.xctest; sourceTree = BUILT_PRODUCTS_DIR; };
		88EF1BBF1E71E86300F74171 /* PerguntasERespostasTests.swift */ = {isa = PBXFileReference; lastKnownFileType = sourcecode.swift; path = PerguntasERespostasTests.swift; sourceTree = "<group>"; };
		88EF1BC11E71E86300F74171 /* Info.plist */ = {isa = PBXFileReference; lastKnownFileType = text.plist.xml; path = Info.plist; sourceTree = "<group>"; };
		88EF1BC61E71E86300F74171 /* BiblicandoUITests.xctest */ = {isa = PBXFileReference; explicitFileType = wrapper.cfbundle; includeInIndex = 0; path = BiblicandoUITests.xctest; sourceTree = BUILT_PRODUCTS_DIR; };
		88EF1BCA1E71E86300F74171 /* PerguntasERespostasUITests.swift */ = {isa = PBXFileReference; lastKnownFileType = sourcecode.swift; path = PerguntasERespostasUITests.swift; sourceTree = "<group>"; };
		88EF1BCC1E71E86300F74171 /* Info.plist */ = {isa = PBXFileReference; lastKnownFileType = text.plist.xml; path = Info.plist; sourceTree = "<group>"; };
		88EF1BDA1E71EF0E00F74171 /* modeloQuiz.swift */ = {isa = PBXFileReference; fileEncoding = 4; lastKnownFileType = sourcecode.swift; path = modeloQuiz.swift; sourceTree = "<group>"; };
/* End PBXFileReference section */

/* Begin PBXFrameworksBuildPhase section */
		88EF1BA41E71E85E00F74171 /* Frameworks */ = {
			isa = PBXFrameworksBuildPhase;
			buildActionMask = 2147483647;
			files = (
			);
			runOnlyForDeploymentPostprocessing = 0;
		};
		88EF1BB81E71E86300F74171 /* Frameworks */ = {
			isa = PBXFrameworksBuildPhase;
			buildActionMask = 2147483647;
			files = (
			);
			runOnlyForDeploymentPostprocessing = 0;
		};
		88EF1BC31E71E86300F74171 /* Frameworks */ = {
			isa = PBXFrameworksBuildPhase;
			buildActionMask = 2147483647;
			files = (
			);
			runOnlyForDeploymentPostprocessing = 0;
		};
/* End PBXFrameworksBuildPhase section */

/* Begin PBXGroup section */
		88EBF7681E773DCA007E73B6 /* Imagens das Perguntas */ = {
			isa = PBXGroup;
			children = (
				88178B8A1F3BD984009699BE /* JesusFeliz.png */,
				8848F91F1F5746DE003A4A70 /* JesusTriste.png */,
				883B62E61E81AA9400B36BDF /* nuvens e espaço.jpg */,
				8848F9191F57420A003A4A70 /* nuvens fofa.jpg */,
				8848F91B1F574213003A4A70 /* céu2.jpg */,
				8848F91C1F574213003A4A70 /* nuvens e espaço.jpg */,
				8848F9171F574131003A4A70 /* LOGOBIBLICANDO.png */,
			);
			name = "Imagens das Perguntas";
			sourceTree = "<group>";
		};
		88EF1B9E1E71E85E00F74171 = {
			isa = PBXGroup;
			children = (
				88EF1BA91E71E86200F74171 /* PerguntasERespostas */,
				88EF1BBE1E71E86300F74171 /* PerguntasERespostasTests */,
				88EF1BC91E71E86300F74171 /* PerguntasERespostasUITests */,
				88EF1BA81E71E86200F74171 /* Products */,
			);
			sourceTree = "<group>";
		};
		88EF1BA81E71E86200F74171 /* Products */ = {
			isa = PBXGroup;
			children = (
				88EF1BA71E71E86200F74171 /* Biblicando.app */,
				88EF1BBB1E71E86300F74171 /* BiblicandoTests.xctest */,
				88EF1BC61E71E86300F74171 /* BiblicandoUITests.xctest */,
			);
			name = Products;
			sourceTree = "<group>";
		};
		88EF1BA91E71E86200F74171 /* PerguntasERespostas */ = {
			isa = PBXGroup;
			children = (
				88EBF7681E773DCA007E73B6 /* Imagens das Perguntas */,
				88EF1BDA1E71EF0E00F74171 /* modeloQuiz.swift */,
				8834B0251F08CD3000D7D413 /* ShuffleFunction.swift */,
				88EF1BAA1E71E86200F74171 /* AppDelegate.swift */,
				883EFDE41E7CAAE2005C542D /* InicialViewController.swift */,
				88279A441E8323C10032A216 /* DifficultyViewController.swift */,
				88EF1BAE1E71E86200F74171 /* Main.storyboard */,
				883EFDEA1E7D772D005C542D /* EasyDifficultViewController.swift */,
				883EFDEC1E7D774B005C542D /* NormalDifficultViewController.swift */,
				883EFDEE1E7D7784005C542D /* HardDifficultViewController.swift */,
				88EF1BB11E71E86200F74171 /* Assets.xcassets */,
				88EF1BB31E71E86200F74171 /* LaunchScreen.storyboard */,
				88EF1BB61E71E86200F74171 /* Info.plist */,
			);
			path = PerguntasERespostas;
			sourceTree = "<group>";
		};
		88EF1BBE1E71E86300F74171 /* PerguntasERespostasTests */ = {
			isa = PBXGroup;
			children = (
				88EF1BBF1E71E86300F74171 /* PerguntasERespostasTests.swift */,
				88EF1BC11E71E86300F74171 /* Info.plist */,
			);
			path = PerguntasERespostasTests;
			sourceTree = "<group>";
		};
		88EF1BC91E71E86300F74171 /* PerguntasERespostasUITests */ = {
			isa = PBXGroup;
			children = (
				88EF1BCA1E71E86300F74171 /* PerguntasERespostasUITests.swift */,
				88EF1BCC1E71E86300F74171 /* Info.plist */,
			);
			path = PerguntasERespostasUITests;
			sourceTree = "<group>";
		};
/* End PBXGroup section */

/* Begin PBXNativeTarget section */
		88EF1BA61E71E85E00F74171 /* Biblicando */ = {
			isa = PBXNativeTarget;
			buildConfigurationList = 88EF1BCF1E71E86300F74171 /* Build configuration list for PBXNativeTarget "Biblicando" */;
			buildPhases = (
				88EF1BA31E71E85E00F74171 /* Sources */,
				88EF1BA41E71E85E00F74171 /* Frameworks */,
				88EF1BA51E71E85E00F74171 /* Resources */,
			);
			buildRules = (
			);
			dependencies = (
			);
			name = Biblicando;
			productName = PerguntasERespostas;
			productReference = 88EF1BA71E71E86200F74171 /* Biblicando.app */;
			productType = "com.apple.product-type.application";
		};
		88EF1BBA1E71E86300F74171 /* BiblicandoTests */ = {
			isa = PBXNativeTarget;
			buildConfigurationList = 88EF1BD21E71E86300F74171 /* Build configuration list for PBXNativeTarget "BiblicandoTests" */;
			buildPhases = (
				88EF1BB71E71E86300F74171 /* Sources */,
				88EF1BB81E71E86300F74171 /* Frameworks */,
				88EF1BB91E71E86300F74171 /* Resources */,
			);
			buildRules = (
			);
			dependencies = (
				88EF1BBD1E71E86300F74171 /* PBXTargetDependency */,
			);
			name = BiblicandoTests;
			productName = PerguntasERespostasTests;
			productReference = 88EF1BBB1E71E86300F74171 /* BiblicandoTests.xctest */;
			productType = "com.apple.product-type.bundle.unit-test";
		};
		88EF1BC51E71E86300F74171 /* BiblicandoUITests */ = {
			isa = PBXNativeTarget;
			buildConfigurationList = 88EF1BD51E71E86300F74171 /* Build configuration list for PBXNativeTarget "BiblicandoUITests" */;
			buildPhases = (
				88EF1BC21E71E86300F74171 /* Sources */,
				88EF1BC31E71E86300F74171 /* Frameworks */,
				88EF1BC41E71E86300F74171 /* Resources */,
			);
			buildRules = (
			);
			dependencies = (
				88EF1BC81E71E86300F74171 /* PBXTargetDependency */,
			);
			name = BiblicandoUITests;
			productName = PerguntasERespostasUITests;
			productReference = 88EF1BC61E71E86300F74171 /* BiblicandoUITests.xctest */;
			productType = "com.apple.product-type.bundle.ui-testing";
		};
/* End PBXNativeTarget section */

/* Begin PBXProject section */
		88EF1B9F1E71E85E00F74171 /* Project object */ = {
			isa = PBXProject;
			attributes = {
				LastSwiftUpdateCheck = 0820;
				LastUpgradeCheck = 0820;
				ORGANIZATIONNAME = Renato;
				TargetAttributes = {
					88EF1BA61E71E85E00F74171 = {
						CreatedOnToolsVersion = 8.2.1;
						DevelopmentTeam = KXUSNVLP69;
						ProvisioningStyle = Automatic;
					};
					88EF1BBA1E71E86300F74171 = {
						CreatedOnToolsVersion = 8.2.1;
						ProvisioningStyle = Automatic;
						TestTargetID = 88EF1BA61E71E85E00F74171;
					};
					88EF1BC51E71E86300F74171 = {
						CreatedOnToolsVersion = 8.2.1;
						ProvisioningStyle = Automatic;
						TestTargetID = 88EF1BA61E71E85E00F74171;
					};
				};
			};
			buildConfigurationList = 88EF1BA21E71E85E00F74171 /* Build configuration list for PBXProject "Biblicando" */;
			compatibilityVersion = "Xcode 3.2";
			developmentRegion = English;
			hasScannedForEncodings = 0;
			knownRegions = (
				en,
				Base,
			);
			mainGroup = 88EF1B9E1E71E85E00F74171;
			productRefGroup = 88EF1BA81E71E86200F74171 /* Products */;
			projectDirPath = "";
			projectRoot = "";
			targets = (
				88EF1BA61E71E85E00F74171 /* Biblicando */,
				88EF1BBA1E71E86300F74171 /* BiblicandoTests */,
				88EF1BC51E71E86300F74171 /* BiblicandoUITests */,
			);
		};
/* End PBXProject section */

/* Begin PBXResourcesBuildPhase section */
		88EF1BA51E71E85E00F74171 /* Resources */ = {
			isa = PBXResourcesBuildPhase;
			buildActionMask = 2147483647;
			files = (
				8848F91D1F574213003A4A70 /* céu2.jpg in Resources */,
				8848F91E1F574213003A4A70 /* nuvens e espaço.jpg in Resources */,
				88EF1BB51E71E86200F74171 /* LaunchScreen.storyboard in Resources */,
				8848F91A1F57420A003A4A70 /* nuvens fofa.jpg in Resources */,
				8848F9181F574131003A4A70 /* LOGOBIBLICANDO.png in Resources */,
				88F495601F1C5C8200383B07 /* Info.plist in Resources */,
				8848F9201F5746DE003A4A70 /* JesusTriste.png in Resources */,
				883B62E71E81AA9500B36BDF /* nuvens e espaço.jpg in Resources */,
				88178B8D1F3BD984009699BE /* JesusFeliz.png in Resources */,
				88EF1BB21E71E86200F74171 /* Assets.xcassets in Resources */,
				88EF1BB01E71E86200F74171 /* Main.storyboard in Resources */,
			);
			runOnlyForDeploymentPostprocessing = 0;
		};
		88EF1BB91E71E86300F74171 /* Resources */ = {
			isa = PBXResourcesBuildPhase;
			buildActionMask = 2147483647;
			files = (
			);
			runOnlyForDeploymentPostprocessing = 0;
		};
		88EF1BC41E71E86300F74171 /* Resources */ = {
			isa = PBXResourcesBuildPhase;
			buildActionMask = 2147483647;
			files = (
			);
			runOnlyForDeploymentPostprocessing = 0;
		};
/* End PBXResourcesBuildPhase section */

/* Begin PBXSourcesBuildPhase section */
		88EF1BA31E71E85E00F74171 /* Sources */ = {
			isa = PBXSourcesBuildPhase;
			buildActionMask = 2147483647;
			files = (
				883EFDED1E7D774B005C542D /* NormalDifficultViewController.swift in Sources */,
				8834B0261F08CD3000D7D413 /* ShuffleFunction.swift in Sources */,
				883EFDEF1E7D7784005C542D /* HardDifficultViewController.swift in Sources */,
				88279A451E8323C20032A216 /* DifficultyViewController.swift in Sources */,
				88EF1BDB1E71EF0E00F74171 /* modeloQuiz.swift in Sources */,
				883EFDE51E7CAAE2005C542D /* InicialViewController.swift in Sources */,
				88EF1BAB1E71E86200F74171 /* AppDelegate.swift in Sources */,
				883EFDEB1E7D772E005C542D /* EasyDifficultViewController.swift in Sources */,
			);
			runOnlyForDeploymentPostprocessing = 0;
		};
		88EF1BB71E71E86300F74171 /* Sources */ = {
			isa = PBXSourcesBuildPhase;
			buildActionMask = 2147483647;
			files = (
				88EF1BC01E71E86300F74171 /* PerguntasERespostasTests.swift in Sources */,
			);
			runOnlyForDeploymentPostprocessing = 0;
		};
		88EF1BC21E71E86300F74171 /* Sources */ = {
			isa = PBXSourcesBuildPhase;
			buildActionMask = 2147483647;
			files = (
				88EF1BCB1E71E86300F74171 /* PerguntasERespostasUITests.swift in Sources */,
			);
			runOnlyForDeploymentPostprocessing = 0;
		};
/* End PBXSourcesBuildPhase section */

/* Begin PBXTargetDependency section */
		88EF1BBD1E71E86300F74171 /* PBXTargetDependency */ = {
			isa = PBXTargetDependency;
			target = 88EF1BA61E71E85E00F74171 /* Biblicando */;
			targetProxy = 88EF1BBC1E71E86300F74171 /* PBXContainerItemProxy */;
		};
		88EF1BC81E71E86300F74171 /* PBXTargetDependency */ = {
			isa = PBXTargetDependency;
			target = 88EF1BA61E71E85E00F74171 /* Biblicando */;
			targetProxy = 88EF1BC71E71E86300F74171 /* PBXContainerItemProxy */;
		};
/* End PBXTargetDependency section */

/* Begin PBXVariantGroup section */
		88EF1BAE1E71E86200F74171 /* Main.storyboard */ = {
			isa = PBXVariantGroup;
			children = (
				88EF1BAF1E71E86200F74171 /* Base */,
			);
			name = Main.storyboard;
			sourceTree = "<group>";
		};
		88EF1BB31E71E86200F74171 /* LaunchScreen.storyboard */ = {
			isa = PBXVariantGroup;
			children = (
				88EF1BB41E71E86200F74171 /* Base */,
			);
			name = LaunchScreen.storyboard;
			sourceTree = "<group>";
		};
/* End PBXVariantGroup section */

/* Begin XCBuildConfiguration section */
		88EF1BCD1E71E86300F74171 /* Debug */ = {
			isa = XCBuildConfiguration;
			buildSettings = {
				ALWAYS_SEARCH_USER_PATHS = NO;
				CLANG_ANALYZER_NONNULL = YES;
				CLANG_CXX_LANGUAGE_STANDARD = "gnu++0x";
				CLANG_CXX_LIBRARY = "libc++";
				CLANG_ENABLE_MODULES = YES;
				CLANG_ENABLE_OBJC_ARC = YES;
				CLANG_WARN_BOOL_CONVERSION = YES;
				CLANG_WARN_CONSTANT_CONVERSION = YES;
				CLANG_WARN_DIRECT_OBJC_ISA_USAGE = YES_ERROR;
				CLANG_WARN_DOCUMENTATION_COMMENTS = YES;
				CLANG_WARN_EMPTY_BODY = YES;
				CLANG_WARN_ENUM_CONVERSION = YES;
				CLANG_WARN_INFINITE_RECURSION = YES;
				CLANG_WARN_INT_CONVERSION = YES;
				CLANG_WARN_OBJC_ROOT_CLASS = YES_ERROR;
				CLANG_WARN_SUSPICIOUS_MOVE = YES;
				CLANG_WARN_UNREACHABLE_CODE = YES;
				CLANG_WARN__DUPLICATE_METHOD_MATCH = YES;
				"CODE_SIGN_IDENTITY[sdk=iphoneos*]" = "iPhone Developer";
				COPY_PHASE_STRIP = NO;
				DEBUG_INFORMATION_FORMAT = dwarf;
				ENABLE_STRICT_OBJC_MSGSEND = YES;
				ENABLE_TESTABILITY = YES;
				GCC_C_LANGUAGE_STANDARD = gnu99;
				GCC_DYNAMIC_NO_PIC = NO;
				GCC_NO_COMMON_BLOCKS = YES;
				GCC_OPTIMIZATION_LEVEL = 0;
				GCC_PREPROCESSOR_DEFINITIONS = (
					"DEBUG=1",
					"$(inherited)",
				);
				GCC_WARN_64_TO_32_BIT_CONVERSION = YES;
				GCC_WARN_ABOUT_RETURN_TYPE = YES_ERROR;
				GCC_WARN_UNDECLARED_SELECTOR = YES;
				GCC_WARN_UNINITIALIZED_AUTOS = YES_AGGRESSIVE;
				GCC_WARN_UNUSED_FUNCTION = YES;
				GCC_WARN_UNUSED_VARIABLE = YES;
				IPHONEOS_DEPLOYMENT_TARGET = 10.2;
				MTL_ENABLE_DEBUG_INFO = YES;
				ONLY_ACTIVE_ARCH = YES;
				SDKROOT = iphoneos;
				SWIFT_ACTIVE_COMPILATION_CONDITIONS = DEBUG;
				SWIFT_OPTIMIZATION_LEVEL = "-Onone";
				TARGETED_DEVICE_FAMILY = "1,2";
			};
			name = Debug;
		};
		88EF1BCE1E71E86300F74171 /* Release */ = {
			isa = XCBuildConfiguration;
			buildSettings = {
				ALWAYS_SEARCH_USER_PATHS = NO;
				CLANG_ANALYZER_NONNULL = YES;
				CLANG_CXX_LANGUAGE_STANDARD = "gnu++0x";
				CLANG_CXX_LIBRARY = "libc++";
				CLANG_ENABLE_MODULES = YES;
				CLANG_ENABLE_OBJC_ARC = YES;
				CLANG_WARN_BOOL_CONVERSION = YES;
				CLANG_WARN_CONSTANT_CONVERSION = YES;
				CLANG_WARN_DIRECT_OBJC_ISA_USAGE = YES_ERROR;
				CLANG_WARN_DOCUMENTATION_COMMENTS = YES;
				CLANG_WARN_EMPTY_BODY = YES;
				CLANG_WARN_ENUM_CONVERSION = YES;
				CLANG_WARN_INFINITE_RECURSION = YES;
				CLANG_WARN_INT_CONVERSION = YES;
				CLANG_WARN_OBJC_ROOT_CLASS = YES_ERROR;
				CLANG_WARN_SUSPICIOUS_MOVE = YES;
				CLANG_WARN_UNREACHABLE_CODE = YES;
				CLANG_WARN__DUPLICATE_METHOD_MATCH = YES;
				"CODE_SIGN_IDENTITY[sdk=iphoneos*]" = "iPhone Developer";
				COPY_PHASE_STRIP = NO;
				DEBUG_INFORMATION_FORMAT = "dwarf-with-dsym";
				ENABLE_NS_ASSERTIONS = NO;
				ENABLE_STRICT_OBJC_MSGSEND = YES;
				GCC_C_LANGUAGE_STANDARD = gnu99;
				GCC_NO_COMMON_BLOCKS = YES;
				GCC_WARN_64_TO_32_BIT_CONVERSION = YES;
				GCC_WARN_ABOUT_RETURN_TYPE = YES_ERROR;
				GCC_WARN_UNDECLARED_SELECTOR = YES;
				GCC_WARN_UNINITIALIZED_AUTOS = YES_AGGRESSIVE;
				GCC_WARN_UNUSED_FUNCTION = YES;
				GCC_WARN_UNUSED_VARIABLE = YES;
				IPHONEOS_DEPLOYMENT_TARGET = 10.2;
				MTL_ENABLE_DEBUG_INFO = NO;
				SDKROOT = iphoneos;
				SWIFT_OPTIMIZATION_LEVEL = "-Owholemodule";
				TARGETED_DEVICE_FAMILY = "1,2";
				VALIDATE_PRODUCT = YES;
			};
			name = Release;
		};
		88EF1BD01E71E86300F74171 /* Debug */ = {
			isa = XCBuildConfiguration;
			buildSettings = {
				ASSETCATALOG_COMPILER_APPICON_NAME = AppIcon;
				DEVELOPMENT_TEAM = KXUSNVLP69;
				INFOPLIST_FILE = PerguntasERespostas/Info.plist;
				LD_RUNPATH_SEARCH_PATHS = "$(inherited) @executable_path/Frameworks";
				PRODUCT_BUNDLE_IDENTIFIER = Renato.PerguntasERespostas;
				PRODUCT_NAME = "$(TARGET_NAME)";
				SWIFT_VERSION = 3.0;
			};
			name = Debug;
		};
		88EF1BD11E71E86300F74171 /* Release */ = {
			isa = XCBuildConfiguration;
			buildSettings = {
				ASSETCATALOG_COMPILER_APPICON_NAME = AppIcon;
				DEVELOPMENT_TEAM = KXUSNVLP69;
				INFOPLIST_FILE = PerguntasERespostas/Info.plist;
				LD_RUNPATH_SEARCH_PATHS = "$(inherited) @executable_path/Frameworks";
				PRODUCT_BUNDLE_IDENTIFIER = Renato.PerguntasERespostas;
				PRODUCT_NAME = "$(TARGET_NAME)";
				SWIFT_VERSION = 3.0;
			};
			name = Release;
		};
		88EF1BD31E71E86300F74171 /* Debug */ = {
			isa = XCBuildConfiguration;
			buildSettings = {
				ALWAYS_EMBED_SWIFT_STANDARD_LIBRARIES = YES;
				BUNDLE_LOADER = "$(TEST_HOST)";
				INFOPLIST_FILE = PerguntasERespostasTests/Info.plist;
				LD_RUNPATH_SEARCH_PATHS = "$(inherited) @executable_path/Frameworks @loader_path/Frameworks";
				PRODUCT_BUNDLE_IDENTIFIER = Renato.PerguntasERespostasTests;
				PRODUCT_NAME = "$(TARGET_NAME)";
				SWIFT_VERSION = 3.0;
				TEST_HOST = "$(BUILT_PRODUCTS_DIR)/Biblicando.app/Biblicando";
			};
			name = Debug;
		};
		88EF1BD41E71E86300F74171 /* Release */ = {
			isa = XCBuildConfiguration;
			buildSettings = {
				ALWAYS_EMBED_SWIFT_STANDARD_LIBRARIES = YES;
				BUNDLE_LOADER = "$(TEST_HOST)";
				INFOPLIST_FILE = PerguntasERespostasTests/Info.plist;
				LD_RUNPATH_SEARCH_PATHS = "$(inherited) @executable_path/Frameworks @loader_path/Frameworks";
				PRODUCT_BUNDLE_IDENTIFIER = Renato.PerguntasERespostasTests;
				PRODUCT_NAME = "$(TARGET_NAME)";
				SWIFT_VERSION = 3.0;
				TEST_HOST = "$(BUILT_PRODUCTS_DIR)/Biblicando.app/Biblicando";
			};
			name = Release;
		};
		88EF1BD61E71E86300F74171 /* Debug */ = {
			isa = XCBuildConfiguration;
			buildSettings = {
				ALWAYS_EMBED_SWIFT_STANDARD_LIBRARIES = YES;
				INFOPLIST_FILE = PerguntasERespostasUITests/Info.plist;
				LD_RUNPATH_SEARCH_PATHS = "$(inherited) @executable_path/Frameworks @loader_path/Frameworks";
				PRODUCT_BUNDLE_IDENTIFIER = Renato.PerguntasERespostasUITests;
				PRODUCT_NAME = "$(TARGET_NAME)";
				SWIFT_VERSION = 3.0;
				TEST_TARGET_NAME = PerguntasERespostas;
			};
			name = Debug;
		};
		88EF1BD71E71E86300F74171 /* Release */ = {
			isa = XCBuildConfiguration;
			buildSettings = {
				ALWAYS_EMBED_SWIFT_STANDARD_LIBRARIES = YES;
				INFOPLIST_FILE = PerguntasERespostasUITests/Info.plist;
				LD_RUNPATH_SEARCH_PATHS = "$(inherited) @executable_path/Frameworks @loader_path/Frameworks";
				PRODUCT_BUNDLE_IDENTIFIER = Renato.PerguntasERespostasUITests;
				PRODUCT_NAME = "$(TARGET_NAME)";
				SWIFT_VERSION = 3.0;
				TEST_TARGET_NAME = PerguntasERespostas;
			};
			name = Release;
		};
/* End XCBuildConfiguration section */

/* Begin XCConfigurationList section */
		88EF1BA21E71E85E00F74171 /* Build configuration list for PBXProject "Biblicando" */ = {
			isa = XCConfigurationList;
			buildConfigurations = (
				88EF1BCD1E71E86300F74171 /* Debug */,
				88EF1BCE1E71E86300F74171 /* Release */,
			);
			defaultConfigurationIsVisible = 0;
			defaultConfigurationName = Release;
		};
		88EF1BCF1E71E86300F74171 /* Build configuration list for PBXNativeTarget "Biblicando" */ = {
			isa = XCConfigurationList;
			buildConfigurations = (
				88EF1BD01E71E86300F74171 /* Debug */,
				88EF1BD11E71E86300F74171 /* Release */,
			);
			defaultConfigurationIsVisible = 0;
			defaultConfigurationName = Release;
		};
		88EF1BD21E71E86300F74171 /* Build configuration list for PBXNativeTarget "BiblicandoTests" */ = {
			isa = XCConfigurationList;
			buildConfigurations = (
				88EF1BD31E71E86300F74171 /* Debug */,
				88EF1BD41E71E86300F74171 /* Release */,
			);
			defaultConfigurationIsVisible = 0;
			defaultConfigurationName = Release;
		};
		88EF1BD51E71E86300F74171 /* Build configuration list for PBXNativeTarget "BiblicandoUITests" */ = {
			isa = XCConfigurationList;
			buildConfigurations = (
				88EF1BD61E71E86300F74171 /* Debug */,
				88EF1BD71E71E86300F74171 /* Release */,
			);
			defaultConfigurationIsVisible = 0;
			defaultConfigurationName = Release;
		};
/* End XCConfigurationList section */
	};
	rootObject = 88EF1B9F1E71E85E00F74171 /* Project object */;
}
